
Microsoft Visual Studio Solution File, Format Version 12.00
# Visual Studio 15
VisualStudioVersion = 15.0.27130.2024
MinimumVisualStudioVersion = 10.0.40219.1
Project("{FAE04EC0-301F-11D3-BF4B-00C04F79EFBC}") = "UWPTicTacToe", "UWPTicTacToe\UWPTicTacToe.csproj", "{E3F43F9A-72D0-4446-BABE-E13B28C67555}"
EndProject
Project("{8BC9CEB8-8B4A-11D0-8D11-00A0C91BC942}") = "ConsoleTicTacToe", "ConsoleTicTacToe\ConsoleTicTacToe.vcxproj", "{8522B2E5-39DA-4775-A15B-1C8549AFC9B8}"
EndProject
Global
	GlobalSection(SolutionConfigurationPlatforms) = preSolution
		Debug|ARM = Debug|ARM
		Debug|x64 = Debug|x64
		Debug|x86 = Debug|x86
		Release|ARM = Release|ARM
		Release|x64 = Release|x64
		Release|x86 = Release|x86
	EndGlobalSection
	GlobalSection(ProjectConfigurationPlatforms) = postSolution
		{E3F43F9A-72D0-4446-BABE-E13B28C67555}.Debug|ARM.ActiveCfg = Debug|ARM
		{E3F43F9A-72D0-4446-BABE-E13B28C67555}.Debug|ARM.Build.0 = Debug|ARM
		{E3F43F9A-72D0-4446-BABE-E13B28C67555}.Debug|ARM.Deploy.0 = Debug|ARM
		{E3F43F9A-72D0-4446-BABE-E13B28C67555}.Debug|x64.ActiveCfg = Debug|x64
		{E3F43F9A-72D0-4446-BABE-E13B28C67555}.Debug|x64.Build.0 = Debug|x64
		{E3F43F9A-72D0-4446-BABE-E13B28C67555}.Debug|x64.Deploy.0 = Debug|x64
		{E3F43F9A-72D0-4446-BABE-E13B28C67555}.Debug|x86.ActiveCfg = Debug|x86
		{E3F43F9A-72D0-4446-BABE-E13B28C67555}.Debug|x86.Build.0 = Debug|x86
		{E3F43F9A-72D0-4446-BABE-E13B28C67555}.Debug|x86.Deploy.0 = Debug|x86
		{E3F43F9A-72D0-4446-BABE-E13B28C67555}.Release|ARM.ActiveCfg = Release|ARM
		{E3F43F9A-72D0-4446-BABE-E13B28C67555}.Release|ARM.Build.0 = Release|ARM
		{E3F43F9A-72D0-4446-BABE-E13B28C67555}.Release|ARM.Deploy.0 = Release|ARM
		{E3F43F9A-72D0-4446-BABE-E13B28C67555}.Release|x64.ActiveCfg = Release|x64
		{E3F43F9A-72D0-4446-BABE-E13B28C67555}.Release|x64.Build.0 = Release|x64
		{E3F43F9A-72D0-4446-BABE-E13B28C67555}.Release|x64.Deploy.0 = Release|x64
		{E3F43F9A-72D0-4446-BABE-E13B28C67555}.Release|x86.ActiveCfg = Release|x86
		{E3F43F9A-72D0-4446-BABE-E13B28C67555}.Release|x86.Build.0 = Release|x86
		{E3F43F9A-72D0-4446-BABE-E13B28C67555}.Release|x86.Deploy.0 = Release|x86
		{8522B2E5-39DA-4775-A15B-1C8549AFC9B8}.Debug|ARM.ActiveCfg = Debug|Win32
		{8522B2E5-39DA-4775-A15B-1C8549AFC9B8}.Debug|x64.ActiveCfg = Debug|x64
		{8522B2E5-39DA-4775-A15B-1C8549AFC9B8}.Debug|x64.Build.0 = Debug|x64
		{8522B2E5-39DA-4775-A15B-1C8549AFC9B8}.Debug|x86.ActiveCfg = Debug|Win32
		{8522B2E5-39DA-4775-A15B-1C8549AFC9B8}.Debug|x86.Build.0 = Debug|Win32
		{8522B2E5-39DA-4775-A15B-1C8549AFC9B8}.Release|ARM.ActiveCfg = Release|Win32
		{8522B2E5-39DA-4775-A15B-1C8549AFC9B8}.Release|x64.ActiveCfg = Release|x64
		{8522B2E5-39DA-4775-A15B-1C8549AFC9B8}.Release|x64.Build.0 = Release|x64
		{8522B2E5-39DA-4775-A15B-1C8549AFC9B8}.Release|x86.ActiveCfg = Release|Win32
		{8522B2E5-39DA-4775-A15B-1C8549AFC9B8}.Release|x86.Build.0 = Release|Win32
	EndGlobalSection
	GlobalSection(SolutionProperties) = preSolution
		HideSolutionNode = FALSE
	EndGlobalSection
	GlobalSection(ExtensibilityGlobals) = postSolution
		SolutionGuid = {98DC7B2D-948A-4A2A-9126-DEE1B22589F6}
	EndGlobalSection
EndGlobal
